// !$*UTF8*$!
{
	archiveVersion = 1;
	classes = {
	};
	objectVersion = 50;
	objects = {

/* Begin PBXBuildFile section */
		CFC2AC43239E015400AC7EF7 /* AppDelegate.swift in Sources */ = {isa = PBXBuildFile; fileRef = CFC2AC42239E015400AC7EF7 /* AppDelegate.swift */; };
		CFC2AC45239E015400AC7EF7 /* SceneDelegate.swift in Sources */ = {isa = PBXBuildFile; fileRef = CFC2AC44239E015400AC7EF7 /* SceneDelegate.swift */; };
		CFC2AC47239E015400AC7EF7 /* ContentView.swift in Sources */ = {isa = PBXBuildFile; fileRef = CFC2AC46239E015400AC7EF7 /* ContentView.swift */; };
		CFC2AC49239E015600AC7EF7 /* Assets.xcassets in Resources */ = {isa = PBXBuildFile; fileRef = CFC2AC48239E015600AC7EF7 /* Assets.xcassets */; };
		CFC2AC4C239E015600AC7EF7 /* Preview Assets.xcassets in Resources */ = {isa = PBXBuildFile; fileRef = CFC2AC4B239E015600AC7EF7 /* Preview Assets.xcassets */; };
		CFC2AC4F239E015600AC7EF7 /* LaunchScreen.storyboard in Resources */ = {isa = PBXBuildFile; fileRef = CFC2AC4D239E015600AC7EF7 /* LaunchScreen.storyboard */; };
		CFC2AC5A239E015600AC7EF7 /* EnvironmentTests.swift in Sources */ = {isa = PBXBuildFile; fileRef = CFC2AC59239E015600AC7EF7 /* EnvironmentTests.swift */; };
		CFC2AC65239E015600AC7EF7 /* EnvironmentUITests.swift in Sources */ = {isa = PBXBuildFile; fileRef = CFC2AC64239E015600AC7EF7 /* EnvironmentUITests.swift */; };
/* End PBXBuildFile section */

/* Begin PBXContainerItemProxy section */
		CFC2AC56239E015600AC7EF7 /* PBXContainerItemProxy */ = {
			isa = PBXContainerItemProxy;
			containerPortal = CFC2AC37239E015400AC7EF7 /* Project object */;
			proxyType = 1;
			remoteGlobalIDString = CFC2AC3E239E015400AC7EF7;
			remoteInfo = Environment;
		};
		CFC2AC61239E015600AC7EF7 /* PBXContainerItemProxy */ = {
			isa = PBXContainerItemProxy;
			containerPortal = CFC2AC37239E015400AC7EF7 /* Project object */;
			proxyType = 1;
			remoteGlobalIDString = CFC2AC3E239E015400AC7EF7;
			remoteInfo = Environment;
		};
/* End PBXContainerItemProxy section */

/* Begin PBXFileReference section */
		CFC2AC3F239E015400AC7EF7 /* Environment1.app */ = {isa = PBXFileReference; explicitFileType = wrapper.application; includeInIndex = 0; path = Environment1.app; sourceTree = BUILT_PRODUCTS_DIR; };
		CFC2AC42239E015400AC7EF7 /* AppDelegate.swift */ = {isa = PBXFileReference; lastKnownFileType = sourcecode.swift; path = AppDelegate.swift; sourceTree = "<group>"; };
		CFC2AC44239E015400AC7EF7 /* SceneDelegate.swift */ = {isa = PBXFileReference; lastKnownFileType = sourcecode.swift; path = SceneDelegate.swift; sourceTree = "<group>"; };
		CFC2AC46239E015400AC7EF7 /* ContentView.swift */ = {isa = PBXFileReference; lastKnownFileType = sourcecode.swift; path = ContentView.swift; sourceTree = "<group>"; };
		CFC2AC48239E015600AC7EF7 /* Assets.xcassets */ = {isa = PBXFileReference; lastKnownFileType = folder.assetcatalog; path = Assets.xcassets; sourceTree = "<group>"; };
		CFC2AC4B239E015600AC7EF7 /* Preview Assets.xcassets */ = {isa = PBXFileReference; lastKnownFileType = folder.assetcatalog; path = "Preview Assets.xcassets"; sourceTree = "<group>"; };
		CFC2AC4E239E015600AC7EF7 /* Base */ = {isa = PBXFileReference; lastKnownFileType = file.storyboard; name = Base; path = Base.lproj/LaunchScreen.storyboard; sourceTree = "<group>"; };
		CFC2AC50239E015600AC7EF7 /* Info.plist */ = {isa = PBXFileReference; lastKnownFileType = text.plist.xml; path = Info.plist; sourceTree = "<group>"; };
		CFC2AC55239E015600AC7EF7 /* EnvironmentTests.xctest */ = {isa = PBXFileReference; explicitFileType = wrapper.cfbundle; includeInIndex = 0; path = EnvironmentTests.xctest; sourceTree = BUILT_PRODUCTS_DIR; };
		CFC2AC59239E015600AC7EF7 /* EnvironmentTests.swift */ = {isa = PBXFileReference; lastKnownFileType = sourcecode.swift; path = EnvironmentTests.swift; sourceTree = "<group>"; };
		CFC2AC5B239E015600AC7EF7 /* Info.plist */ = {isa = PBXFileReference; lastKnownFileType = text.plist.xml; path = Info.plist; sourceTree = "<group>"; };
		CFC2AC60239E015600AC7EF7 /* EnvironmentUITests.xctest */ = {isa = PBXFileReference; explicitFileType = wrapper.cfbundle; includeInIndex = 0; path = EnvironmentUITests.xctest; sourceTree = BUILT_PRODUCTS_DIR; };
		CFC2AC64239E015600AC7EF7 /* EnvironmentUITests.swift */ = {isa = PBXFileReference; lastKnownFileType = sourcecode.swift; path = EnvironmentUITests.swift; sourceTree = "<group>"; };
		CFC2AC66239E015600AC7EF7 /* Info.plist */ = {isa = PBXFileReference; lastKnownFileType = text.plist.xml; path = Info.plist; sourceTree = "<group>"; };
/* End PBXFileReference section */

/* Begin PBXFrameworksBuildPhase section */
		CFC2AC3C239E015400AC7EF7 /* Frameworks */ = {
			isa = PBXFrameworksBuildPhase;
			buildActionMask = 2147483647;
			files = (
			);
			runOnlyForDeploymentPostprocessing = 0;
		};
		CFC2AC52239E015600AC7EF7 /* Frameworks */ = {
			isa = PBXFrameworksBuildPhase;
			buildActionMask = 2147483647;
			files = (
			);
			runOnlyForDeploymentPostprocessing = 0;
		};
		CFC2AC5D239E015600AC7EF7 /* Frameworks */ = {
			isa = PBXFrameworksBuildPhase;
			buildActionMask = 2147483647;
			files = (
			);
			runOnlyForDeploymentPostprocessing = 0;
		};
/* End PBXFrameworksBuildPhase section */

/* Begin PBXGroup section */
		CFC2AC36239E015400AC7EF7 = {
			isa = PBXGroup;
			children = (
				CFC2AC41239E015400AC7EF7 /* Environment */,
				CFC2AC58239E015600AC7EF7 /* EnvironmentTests */,
				CFC2AC63239E015600AC7EF7 /* EnvironmentUITests */,
				CFC2AC40239E015400AC7EF7 /* Products */,
			);
			sourceTree = "<group>";
		};
		CFC2AC40239E015400AC7EF7 /* Products */ = {
			isa = PBXGroup;
			children = (
				CFC2AC3F239E015400AC7EF7 /* Environment1.app */,
				CFC2AC55239E015600AC7EF7 /* EnvironmentTests.xctest */,
				CFC2AC60239E015600AC7EF7 /* EnvironmentUITests.xctest */,
			);
			name = Products;
			sourceTree = "<group>";
		};
		CFC2AC41239E015400AC7EF7 /* Environment */ = {
			isa = PBXGroup;
			children = (
				CFC2AC42239E015400AC7EF7 /* AppDelegate.swift */,
				CFC2AC44239E015400AC7EF7 /* SceneDelegate.swift */,
				CFC2AC46239E015400AC7EF7 /* ContentView.swift */,
				CFC2AC48239E015600AC7EF7 /* Assets.xcassets */,
				CFC2AC4D239E015600AC7EF7 /* LaunchScreen.storyboard */,
				CFC2AC50239E015600AC7EF7 /* Info.plist */,
				CFC2AC4A239E015600AC7EF7 /* Preview Content */,
			);
			path = Environment;
			sourceTree = "<group>";
		};
		CFC2AC4A239E015600AC7EF7 /* Preview Content */ = {
			isa = PBXGroup;
			children = (
				CFC2AC4B239E015600AC7EF7 /* Preview Assets.xcassets */,
			);
			path = "Preview Content";
			sourceTree = "<group>";
		};
		CFC2AC58239E015600AC7EF7 /* EnvironmentTests */ = {
			isa = PBXGroup;
			children = (
				CFC2AC59239E015600AC7EF7 /* EnvironmentTests.swift */,
				CFC2AC5B239E015600AC7EF7 /* Info.plist */,
			);
			path = EnvironmentTests;
			sourceTree = "<group>";
		};
		CFC2AC63239E015600AC7EF7 /* EnvironmentUITests */ = {
			isa = PBXGroup;
			children = (
				CFC2AC64239E015600AC7EF7 /* EnvironmentUITests.swift */,
				CFC2AC66239E015600AC7EF7 /* Info.plist */,
			);
			path = EnvironmentUITests;
			sourceTree = "<group>";
		};
/* End PBXGroup section */

/* Begin PBXNativeTarget section */
		CFC2AC3E239E015400AC7EF7 /* Environment */ = {
			isa = PBXNativeTarget;
			buildConfigurationList = CFC2AC69239E015600AC7EF7 /* Build configuration list for PBXNativeTarget "Environment" */;
			buildPhases = (
				CFC2AC3B239E015400AC7EF7 /* Sources */,
				CFC2AC3C239E015400AC7EF7 /* Frameworks */,
				CFC2AC3D239E015400AC7EF7 /* Resources */,
			);
			buildRules = (
			);
			dependencies = (
			);
			name = Environment;
			productName = Environment;
			productReference = CFC2AC3F239E015400AC7EF7 /* Environment1.app */;
			productType = "com.apple.product-type.application";
		};
		CFC2AC54239E015600AC7EF7 /* EnvironmentTests */ = {
			isa = PBXNativeTarget;
			buildConfigurationList = CFC2AC6C239E015600AC7EF7 /* Build configuration list for PBXNativeTarget "EnvironmentTests" */;
			buildPhases = (
				CFC2AC51239E015600AC7EF7 /* Sources */,
				CFC2AC52239E015600AC7EF7 /* Frameworks */,
				CFC2AC53239E015600AC7EF7 /* Resources */,
			);
			buildRules = (
			);
			dependencies = (
				CFC2AC57239E015600AC7EF7 /* PBXTargetDependency */,
			);
			name = EnvironmentTests;
			productName = EnvironmentTests;
			productReference = CFC2AC55239E015600AC7EF7 /* EnvironmentTests.xctest */;
			productType = "com.apple.product-type.bundle.unit-test";
		};
		CFC2AC5F239E015600AC7EF7 /* EnvironmentUITests */ = {
			isa = PBXNativeTarget;
			buildConfigurationList = CFC2AC6F239E015600AC7EF7 /* Build configuration list for PBXNativeTarget "EnvironmentUITests" */;
			buildPhases = (
				CFC2AC5C239E015600AC7EF7 /* Sources */,
				CFC2AC5D239E015600AC7EF7 /* Frameworks */,
				CFC2AC5E239E015600AC7EF7 /* Resources */,
			);
			buildRules = (
			);
			dependencies = (
				CFC2AC62239E015600AC7EF7 /* PBXTargetDependency */,
			);
			name = EnvironmentUITests;
			productName = EnvironmentUITests;
			productReference = CFC2AC60239E015600AC7EF7 /* EnvironmentUITests.xctest */;
			productType = "com.apple.product-type.bundle.ui-testing";
		};
/* End PBXNativeTarget section */

/* Begin PBXProject section */
		CFC2AC37239E015400AC7EF7 /* Project object */ = {
			isa = PBXProject;
			attributes = {
				LastSwiftUpdateCheck = 1120;
				LastUpgradeCheck = 1120;
				ORGANIZATIONNAME = Schelly;
				TargetAttributes = {
					CFC2AC3E239E015400AC7EF7 = {
						CreatedOnToolsVersion = 11.2.1;
					};
					CFC2AC54239E015600AC7EF7 = {
						CreatedOnToolsVersion = 11.2.1;
						TestTargetID = CFC2AC3E239E015400AC7EF7;
					};
					CFC2AC5F239E015600AC7EF7 = {
						CreatedOnToolsVersion = 11.2.1;
						TestTargetID = CFC2AC3E239E015400AC7EF7;
					};
				};
			};
			buildConfigurationList = CFC2AC3A239E015400AC7EF7 /* Build configuration list for PBXProject "Environment" */;
			compatibilityVersion = "Xcode 9.3";
			developmentRegion = en;
			hasScannedForEncodings = 0;
			knownRegions = (
				en,
				Base,
			);
			mainGroup = CFC2AC36239E015400AC7EF7;
			productRefGroup = CFC2AC40239E015400AC7EF7 /* Products */;
			projectDirPath = "";
			projectRoot = "";
			targets = (
				CFC2AC3E239E015400AC7EF7 /* Environment */,
				CFC2AC54239E015600AC7EF7 /* EnvironmentTests */,
				CFC2AC5F239E015600AC7EF7 /* EnvironmentUITests */,
			);
		};
/* End PBXProject section */

/* Begin PBXResourcesBuildPhase section */
		CFC2AC3D239E015400AC7EF7 /* Resources */ = {
			isa = PBXResourcesBuildPhase;
			buildActionMask = 2147483647;
			files = (
				CFC2AC4F239E015600AC7EF7 /* LaunchScreen.storyboard in Resources */,
				CFC2AC4C239E015600AC7EF7 /* Preview Assets.xcassets in Resources */,
				CFC2AC49239E015600AC7EF7 /* Assets.xcassets in Resources */,
			);
			runOnlyForDeploymentPostprocessing = 0;
		};
		CFC2AC53239E015600AC7EF7 /* Resources */ = {
			isa = PBXResourcesBuildPhase;
			buildActionMask = 2147483647;
			files = (
			);
			runOnlyForDeploymentPostprocessing = 0;
		};
		CFC2AC5E239E015600AC7EF7 /* Resources */ = {
			isa = PBXResourcesBuildPhase;
			buildActionMask = 2147483647;
			files = (
			);
			runOnlyForDeploymentPostprocessing = 0;
		};
/* End PBXResourcesBuildPhase section */

/* Begin PBXSourcesBuildPhase section */
		CFC2AC3B239E015400AC7EF7 /* Sources */ = {
			isa = PBXSourcesBuildPhase;
			buildActionMask = 2147483647;
			files = (
				CFC2AC43239E015400AC7EF7 /* AppDelegate.swift in Sources */,
				CFC2AC45239E015400AC7EF7 /* SceneDelegate.swift in Sources */,
				CFC2AC47239E015400AC7EF7 /* ContentView.swift in Sources */,
			);
			runOnlyForDeploymentPostprocessing = 0;
		};
		CFC2AC51239E015600AC7EF7 /* Sources */ = {
			isa = PBXSourcesBuildPhase;
			buildActionMask = 2147483647;
			files = (
				CFC2AC5A239E015600AC7EF7 /* EnvironmentTests.swift in Sources */,
			);
			runOnlyForDeploymentPostprocessing = 0;
		};
		CFC2AC5C239E015600AC7EF7 /* Sources */ = {
			isa = PBXSourcesBuildPhase;
			buildActionMask = 2147483647;
			files = (
				CFC2AC65239E015600AC7EF7 /* EnvironmentUITests.swift in Sources */,
			);
			runOnlyForDeploymentPostprocessing = 0;
		};
/* End PBXSourcesBuildPhase section */

/* Begin PBXTargetDependency section */
		CFC2AC57239E015600AC7EF7 /* PBXTargetDependency */ = {
			isa = PBXTargetDependency;
			target = CFC2AC3E239E015400AC7EF7 /* Environment */;
			targetProxy = CFC2AC56239E015600AC7EF7 /* PBXContainerItemProxy */;
		};
		CFC2AC62239E015600AC7EF7 /* PBXTargetDependency */ = {
			isa = PBXTargetDependency;
			target = CFC2AC3E239E015400AC7EF7 /* Environment */;
			targetProxy = CFC2AC61239E015600AC7EF7 /* PBXContainerItemProxy */;
		};
/* End PBXTargetDependency section */

/* Begin PBXVariantGroup section */
		CFC2AC4D239E015600AC7EF7 /* LaunchScreen.storyboard */ = {
			isa = PBXVariantGroup;
			children = (
				CFC2AC4E239E015600AC7EF7 /* Base */,
			);
			name = LaunchScreen.storyboard;
			sourceTree = "<group>";
		};
/* End PBXVariantGroup section */

/* Begin XCBuildConfiguration section */
		CFC2AC67239E015600AC7EF7 /* Debug */ = {
			isa = XCBuildConfiguration;
			buildSettings = {
				ALWAYS_SEARCH_USER_PATHS = NO;
				CLANG_ANALYZER_NONNULL = YES;
				CLANG_ANALYZER_NUMBER_OBJECT_CONVERSION = YES_AGGRESSIVE;
				CLANG_CXX_LANGUAGE_STANDARD = "gnu++14";
				CLANG_CXX_LIBRARY = "libc++";
				CLANG_ENABLE_MODULES = YES;
				CLANG_ENABLE_OBJC_ARC = YES;
				CLANG_ENABLE_OBJC_WEAK = YES;
				CLANG_WARN_BLOCK_CAPTURE_AUTORELEASING = YES;
				CLANG_WARN_BOOL_CONVERSION = YES;
				CLANG_WARN_COMMA = YES;
				CLANG_WARN_CONSTANT_CONVERSION = YES;
				CLANG_WARN_DEPRECATED_OBJC_IMPLEMENTATIONS = YES;
				CLANG_WARN_DIRECT_OBJC_ISA_USAGE = YES_ERROR;
				CLANG_WARN_DOCUMENTATION_COMMENTS = YES;
				CLANG_WARN_EMPTY_BODY = YES;
				CLANG_WARN_ENUM_CONVERSION = YES;
				CLANG_WARN_INFINITE_RECURSION = YES;
				CLANG_WARN_INT_CONVERSION = YES;
				CLANG_WARN_NON_LITERAL_NULL_CONVERSION = YES;
				CLANG_WARN_OBJC_IMPLICIT_RETAIN_SELF = YES;
				CLANG_WARN_OBJC_LITERAL_CONVERSION = YES;
				CLANG_WARN_OBJC_ROOT_CLASS = YES_ERROR;
				CLANG_WARN_RANGE_LOOP_ANALYSIS = YES;
				CLANG_WARN_STRICT_PROTOTYPES = YES;
				CLANG_WARN_SUSPICIOUS_MOVE = YES;
				CLANG_WARN_UNGUARDED_AVAILABILITY = YES_AGGRESSIVE;
				CLANG_WARN_UNREACHABLE_CODE = YES;
				CLANG_WARN__DUPLICATE_METHOD_MATCH = YES;
				COPY_PHASE_STRIP = NO;
				DEBUG_INFORMATION_FORMAT = dwarf;
				ENABLE_STRICT_OBJC_MSGSEND = YES;
				ENABLE_TESTABILITY = YES;
				GCC_C_LANGUAGE_STANDARD = gnu11;
				GCC_DYNAMIC_NO_PIC = NO;
				GCC_NO_COMMON_BLOCKS = YES;
				GCC_OPTIMIZATION_LEVEL = 0;
				GCC_PREPROCESSOR_DEFINITIONS = (
					"DEBUG=1",
					"$(inherited)",
				);
				GCC_WARN_64_TO_32_BIT_CONVERSION = YES;
				GCC_WARN_ABOUT_RETURN_TYPE = YES_ERROR;
				GCC_WARN_UNDECLARED_SELECTOR = YES;
				GCC_WARN_UNINITIALIZED_AUTOS = YES_AGGRESSIVE;
				GCC_WARN_UNUSED_FUNCTION = YES;
				GCC_WARN_UNUSED_VARIABLE = YES;
				IPHONEOS_DEPLOYMENT_TARGET = 13.2;
				MTL_ENABLE_DEBUG_INFO = INCLUDE_SOURCE;
				MTL_FAST_MATH = YES;
				ONLY_ACTIVE_ARCH = YES;
				SDKROOT = iphoneos;
				SWIFT_ACTIVE_COMPILATION_CONDITIONS = DEBUG;
				SWIFT_OPTIMIZATION_LEVEL = "-Onone";
			};
			name = Debug;
		};
		CFC2AC68239E015600AC7EF7 /* Release */ = {
			isa = XCBuildConfiguration;
			buildSettings = {
				ALWAYS_SEARCH_USER_PATHS = NO;
				CLANG_ANALYZER_NONNULL = YES;
				CLANG_ANALYZER_NUMBER_OBJECT_CONVERSION = YES_AGGRESSIVE;
				CLANG_CXX_LANGUAGE_STANDARD = "gnu++14";
				CLANG_CXX_LIBRARY = "libc++";
				CLANG_ENABLE_MODULES = YES;
				CLANG_ENABLE_OBJC_ARC = YES;
				CLANG_ENABLE_OBJC_WEAK = YES;
				CLANG_WARN_BLOCK_CAPTURE_AUTORELEASING = YES;
				CLANG_WARN_BOOL_CONVERSION = YES;
				CLANG_WARN_COMMA = YES;
				CLANG_WARN_CONSTANT_CONVERSION = YES;
				CLANG_WARN_DEPRECATED_OBJC_IMPLEMENTATIONS = YES;
				CLANG_WARN_DIRECT_OBJC_ISA_USAGE = YES_ERROR;
				CLANG_WARN_DOCUMENTATION_COMMENTS = YES;
				CLANG_WARN_EMPTY_BODY = YES;
				CLANG_WARN_ENUM_CONVERSION = YES;
				CLANG_WARN_INFINITE_RECURSION = YES;
				CLANG_WARN_INT_CONVERSION = YES;
				CLANG_WARN_NON_LITERAL_NULL_CONVERSION = YES;
				CLANG_WARN_OBJC_IMPLICIT_RETAIN_SELF = YES;
				CLANG_WARN_OBJC_LITERAL_CONVERSION = YES;
				CLANG_WARN_OBJC_ROOT_CLASS = YES_ERROR;
				CLANG_WARN_RANGE_LOOP_ANALYSIS = YES;
				CLANG_WARN_STRICT_PROTOTYPES = YES;
				CLANG_WARN_SUSPICIOUS_MOVE = YES;
				CLANG_WARN_UNGUARDED_AVAILABILITY = YES_AGGRESSIVE;
				CLANG_WARN_UNREACHABLE_CODE = YES;
				CLANG_WARN__DUPLICATE_METHOD_MATCH = YES;
				COPY_PHASE_STRIP = NO;
				DEBUG_INFORMATION_FORMAT = "dwarf-with-dsym";
				ENABLE_NS_ASSERTIONS = NO;
				ENABLE_STRICT_OBJC_MSGSEND = YES;
				GCC_C_LANGUAGE_STANDARD = gnu11;
				GCC_NO_COMMON_BLOCKS = YES;
				GCC_WARN_64_TO_32_BIT_CONVERSION = YES;
				GCC_WARN_ABOUT_RETURN_TYPE = YES_ERROR;
				GCC_WARN_UNDECLARED_SELECTOR = YES;
				GCC_WARN_UNINITIALIZED_AUTOS = YES_AGGRESSIVE;
				GCC_WARN_UNUSED_FUNCTION = YES;
				GCC_WARN_UNUSED_VARIABLE = YES;
				IPHONEOS_DEPLOYMENT_TARGET = 13.2;
				MTL_ENABLE_DEBUG_INFO = NO;
				MTL_FAST_MATH = YES;
				SDKROOT = iphoneos;
				SWIFT_COMPILATION_MODE = wholemodule;
				SWIFT_OPTIMIZATION_LEVEL = "-O";
				VALIDATE_PRODUCT = YES;
			};
			name = Release;
		};
		CFC2AC6A239E015600AC7EF7 /* Debug */ = {
			isa = XCBuildConfiguration;
			buildSettings = {
				ASSETCATALOG_COMPILER_APPICON_NAME = AppIcon;
				CODE_SIGN_STYLE = Automatic;
				DEVELOPMENT_ASSET_PATHS = "\"Environment/Preview Content\"";
				ENABLE_PREVIEWS = YES;
				INFOPLIST_FILE = Environment/Info.plist;
				LD_RUNPATH_SEARCH_PATHS = (
					"$(inherited)",
					"@executable_path/Frameworks",
				);
				PRODUCT_BUNDLE_IDENTIFIER = com.schelly.Environment1;
				PRODUCT_NAME = Environment1;
				SWIFT_VERSION = 5.0;
				TARGETED_DEVICE_FAMILY = "1,2";
			};
			name = Debug;
		};
		CFC2AC6B239E015600AC7EF7 /* Release */ = {
			isa = XCBuildConfiguration;
			buildSettings = {
				ASSETCATALOG_COMPILER_APPICON_NAME = AppIcon;
				CODE_SIGN_STYLE = Automatic;
				DEVELOPMENT_ASSET_PATHS = "\"Environment/Preview Content\"";
				ENABLE_PREVIEWS = YES;
				INFOPLIST_FILE = Environment/Info.plist;
				LD_RUNPATH_SEARCH_PATHS = (
					"$(inherited)",
					"@executable_path/Frameworks",
				);
				PRODUCT_BUNDLE_IDENTIFIER = com.schelly.Environment1;
				PRODUCT_NAME = Environment1;
				SWIFT_VERSION = 5.0;
				TARGETED_DEVICE_FAMILY = "1,2";
			};
			name = Release;
		};
		CFC2AC6D239E015600AC7EF7 /* Debug */ = {
			isa = XCBuildConfiguration;
			buildSettings = {
				ALWAYS_EMBED_SWIFT_STANDARD_LIBRARIES = YES;
				BUNDLE_LOADER = "$(TEST_HOST)";
				CODE_SIGN_STYLE = Automatic;
				INFOPLIST_FILE = EnvironmentTests/Info.plist;
				IPHONEOS_DEPLOYMENT_TARGET = 13.2;
				LD_RUNPATH_SEARCH_PATHS = (
					"$(inherited)",
					"@executable_path/Frameworks",
					"@loader_path/Frameworks",
				);
				PRODUCT_BUNDLE_IDENTIFIER = com.schelly.EnvironmentTests;
				PRODUCT_NAME = "$(TARGET_NAME)";
				SWIFT_VERSION = 5.0;
				TARGETED_DEVICE_FAMILY = "1,2";
				TEST_HOST = "$(BUILT_PRODUCTS_DIR)/Environment.app/Environment";
			};
			name = Debug;
		};
		CFC2AC6E239E015600AC7EF7 /* Release */ = {
			isa = XCBuildConfiguration;
			buildSettings = {
				ALWAYS_EMBED_SWIFT_STANDARD_LIBRARIES = YES;
				BUNDLE_LOADER = "$(TEST_HOST)";
				CODE_SIGN_STYLE = Automatic;
				INFOPLIST_FILE = EnvironmentTests/Info.plist;
				IPHONEOS_DEPLOYMENT_TARGET = 13.2;
				LD_RUNPATH_SEARCH_PATHS = (
					"$(inherited)",
					"@executable_path/Frameworks",
					"@loader_path/Frameworks",
				);
				PRODUCT_BUNDLE_IDENTIFIER = com.schelly.EnvironmentTests;
				PRODUCT_NAME = "$(TARGET_NAME)";
				SWIFT_VERSION = 5.0;
				TARGETED_DEVICE_FAMILY = "1,2";
				TEST_HOST = "$(BUILT_PRODUCTS_DIR)/Environment.app/Environment";
			};
			name = Release;
		};
		CFC2AC70239E015600AC7EF7 /* Debug */ = {
			isa = XCBuildConfiguration;
			buildSettings = {
				ALWAYS_EMBED_SWIFT_STANDARD_LIBRARIES = YES;
				CODE_SIGN_STYLE = Automatic;
				INFOPLIST_FILE = EnvironmentUITests/Info.plist;
				LD_RUNPATH_SEARCH_PATHS = (
					"$(inherited)",
					"@executable_path/Frameworks",
					"@loader_path/Frameworks",
				);
				PRODUCT_BUNDLE_IDENTIFIER = com.schelly.EnvironmentUITests;
				PRODUCT_NAME = "$(TARGET_NAME)";
				SWIFT_VERSION = 5.0;
				TARGETED_DEVICE_FAMILY = "1,2";
				TEST_TARGET_NAME = Environment;
			};
			name = Debug;
		};
		CFC2AC71239E015600AC7EF7 /* Release */ = {
			isa = XCBuildConfiguration;
			buildSettings = {
				ALWAYS_EMBED_SWIFT_STANDARD_LIBRARIES = YES;
				CODE_SIGN_STYLE = Automatic;
				INFOPLIST_FILE = EnvironmentUITests/Info.plist;
				LD_RUNPATH_SEARCH_PATHS = (
					"$(inherited)",
					"@executable_path/Frameworks",
					"@loader_path/Frameworks",
				);
				PRODUCT_BUNDLE_IDENTIFIER = com.schelly.EnvironmentUITests;
				PRODUCT_NAME = "$(TARGET_NAME)";
				SWIFT_VERSION = 5.0;
				TARGETED_DEVICE_FAMILY = "1,2";
				TEST_TARGET_NAME = Environment;
			};
			name = Release;
		};
/* End XCBuildConfiguration section */

/* Begin XCConfigurationList section */
		CFC2AC3A239E015400AC7EF7 /* Build configuration list for PBXProject "Environment" */ = {
			isa = XCConfigurationList;
			buildConfigurations = (
				CFC2AC67239E015600AC7EF7 /* Debug */,
				CFC2AC68239E015600AC7EF7 /* Release */,
			);
			defaultConfigurationIsVisible = 0;
			defaultConfigurationName = Release;
		};
		CFC2AC69239E015600AC7EF7 /* Build configuration list for PBXNativeTarget "Environment" */ = {
			isa = XCConfigurationList;
			buildConfigurations = (
				CFC2AC6A239E015600AC7EF7 /* Debug */,
				CFC2AC6B239E015600AC7EF7 /* Release */,
			);
			defaultConfigurationIsVisible = 0;
			defaultConfigurationName = Release;
		};
		CFC2AC6C239E015600AC7EF7 /* Build configuration list for PBXNativeTarget "EnvironmentTests" */ = {
			isa = XCConfigurationList;
			buildConfigurations = (
				CFC2AC6D239E015600AC7EF7 /* Debug */,
				CFC2AC6E239E015600AC7EF7 /* Release */,
			);
			defaultConfigurationIsVisible = 0;
			defaultConfigurationName = Release;
		};
		CFC2AC6F239E015600AC7EF7 /* Build configuration list for PBXNativeTarget "EnvironmentUITests" */ = {
			isa = XCConfigurationList;
			buildConfigurations = (
				CFC2AC70239E015600AC7EF7 /* Debug */,
				CFC2AC71239E015600AC7EF7 /* Release */,
			);
			defaultConfigurationIsVisible = 0;
			defaultConfigurationName = Release;
		};
/* End XCConfigurationList section */
	};
	rootObject = CFC2AC37239E015400AC7EF7 /* Project object */;
}
